
Microsoft Visual Studio Solution File, Format Version 12.00
# Visual Studio Version 16
VisualStudioVersion = 16.0.31424.327
MinimumVisualStudioVersion = 10.0.40219.1
Project("{FAE04EC0-301F-11D3-BF4B-00C04F79EFBC}") = "cookingBook", "cookingBook.csproj", "{AA8CB012-B066-4AA1-974F-67E560A5FF1C}"
EndProject
Global
	GlobalSection(SolutionConfigurationPlatforms) = preSolution
		Debug|Any CPU = Debug|Any CPU
		Release|Any CPU = Release|Any CPU
	EndGlobalSection
	GlobalSection(ProjectConfigurationPlatforms) = postSolution
		{AA8CB012-B066-4AA1-974F-67E560A5FF1C}.Debug|Any CPU.ActiveCfg = Debug|Any CPU
		{AA8CB012-B066-4AA1-974F-67E560A5FF1C}.Debug|Any CPU.Build.0 = Debug|Any CPU
		{AA8CB012-B066-4AA1-974F-67E560A5FF1C}.Release|Any CPU.ActiveCfg = Release|Any CPU
		{AA8CB012-B066-4AA1-974F-67E560A5FF1C}.Release|Any CPU.Build.0 = Release|Any CPU
	EndGlobalSection
	GlobalSection(SolutionProperties) = preSolution
		HideSolutionNode = FALSE
	EndGlobalSection
	GlobalSection(ExtensibilityGlobals) = postSolution
		SolutionGuid = {AED011C4-FC0F-4374-96F8-E39985D251A3}
	EndGlobalSection
EndGlobal
